
Microsoft Visual Studio Solution File, Format Version 12.00
# Visual Studio Version 17
VisualStudioVersion = 17.5.33424.131
MinimumVisualStudioVersion = 10.0.40219.1
Project("{FAE04EC0-301F-11D3-BF4B-00C04F79EFBC}") = "Latihan_JavaScript_036", "Latihan_JavaScript_036\Latihan_JavaScript_036.csproj", "{6E77A6B6-335D-4677-A7D9-F06E14E8D2ED}"
EndProject
Global
	GlobalSection(SolutionConfigurationPlatforms) = preSolution
		Debug|Any CPU = Debug|Any CPU
		Release|Any CPU = Release|Any CPU
	EndGlobalSection
	GlobalSection(ProjectConfigurationPlatforms) = postSolution
		{6E77A6B6-335D-4677-A7D9-F06E14E8D2ED}.Debug|Any CPU.ActiveCfg = Debug|Any CPU
		{6E77A6B6-335D-4677-A7D9-F06E14E8D2ED}.Debug|Any CPU.Build.0 = Debug|Any CPU
		{6E77A6B6-335D-4677-A7D9-F06E14E8D2ED}.Release|Any CPU.ActiveCfg = Release|Any CPU
		{6E77A6B6-335D-4677-A7D9-F06E14E8D2ED}.Release|Any CPU.Build.0 = Release|Any CPU
	EndGlobalSection
	GlobalSection(SolutionProperties) = preSolution
		HideSolutionNode = FALSE
	EndGlobalSection
	GlobalSection(ExtensibilityGlobals) = postSolution
		SolutionGuid = {B43969A8-7B5E-4569-BFF7-69269C5157F4}
	EndGlobalSection
EndGlobal
